<?xml version="1.0" encoding="utf-8"?>
<Project ToolsVersion="4.0" xmlns="http://schemas.microsoft.com/developer/msbuild/2003">
  <ItemGroup>
    <Filter Include="源文件">
      <UniqueIdentifier>{4FC737F1-C7A5-4376-A066-2A32D752A2FF}</UniqueIdentifier>
      <Extensions>cpp;c;cc;cxx;c++;cppm;ixx;def;odl;idl;hpj;bat;asm;asmx</Extensions>
    </Filter>
    <Filter Include="头文件">
      <UniqueIdentifier>{93995380-89BD-4b04-88EB-625FBE52EBFB}</UniqueIdentifier>
      <Extensions>h;hh;hpp;hxx;h++;hm;inl;inc;ipp;xsd</Extensions>
    </Filter>
    <Filter Include="资源文件">
      <UniqueIdentifier>{67DA6AB6-F800-4c08-8B7A-83BB121AAD01}</UniqueIdentifier>
      <Extensions>rc;ico;cur;bmp;dlg;rc2;rct;bin;rgs;gif;jpg;jpeg;jpe;resx;tiff;tif;png;wav;mfcribbon-ms</Extensions>
    </Filter>
    <Filter Include="头文件\kps">
      <UniqueIdentifier>{c4beae85-02cb-45c3-a6cf-c359c89d0728}</UniqueIdentifier>
    </Filter>
    <Filter Include="源文件\jsoncpp">
      <UniqueIdentifier>{8a106708-c9fc-45fa-b32a-a8b3e541323e}</UniqueIdentifier>
    </Filter>
    <Filter Include="头文件\jsoncpp">
      <UniqueIdentifier>{46230125-c02c-4656-ab25-c5987fea98fa}</UniqueIdentifier>
    </Filter>
    <Filter Include="资源文件\OTF">
      <UniqueIdentifier>{4e3d90a8-d5e3-41f7-8f6e-8661ec03d102}</UniqueIdentifier>
    </Filter>
    <Filter Include="资源文件\JSON">
      <UniqueIdentifier>{97b8b39f-58a6-44ba-ab31-bed99905f90f}</UniqueIdentifier>
    </Filter>
  </ItemGroup>
  <ItemGroup>
    <ClCompile Include="main.cpp">
      <Filter>源文件</Filter>
    </ClCompile>
    <ClCompile Include="..\third-party\jsoncpp\src\lib_json\json_reader.cpp">
      <Filter>源文件\jsoncpp</Filter>
    </ClCompile>
    <ClCompile Include="..\third-party\jsoncpp\src\lib_json\json_value.cpp">
      <Filter>源文件\jsoncpp</Filter>
    </ClCompile>
    <ClCompile Include="..\third-party\jsoncpp\src\lib_json\json_writer.cpp">
      <Filter>源文件\jsoncpp</Filter>
    </ClCompile>
    <ClCompile Include="key_window.cpp">
      <Filter>源文件</Filter>
    </ClCompile>
  </ItemGroup>
  <ItemGroup>
    <ClInclude Include="kps_calculator.hpp">
      <Filter>头文件\kps</Filter>
    </ClInclude>
    <ClInclude Include="key_monitor_base.hpp">
      <Filter>头文件\kps</Filter>
    </ClInclude>
    <ClInclude Include="key_monitor_hook.hpp">
      <Filter>头文件\kps</Filter>
    </ClInclude>
    <ClInclude Include="key_monitor_async.hpp">
      <Filter>头文件\kps</Filter>
    </ClInclude>
    <ClInclude Include="integrated_kps.hpp">
      <Filter>头文件\kps</Filter>
    </ClInclude>
    <ClInclude Include="resource.h">
      <Filter>头文件</Filter>
    </ClInclude>
    <ClInclude Include="keys_manager.hpp">
      <Filter>头文件\kps</Filter>
    </ClInclude>
    <ClInclude Include="..\third-party\jsoncpp\include\json\allocator.h">
      <Filter>头文件\jsoncpp</Filter>
    </ClInclude>
    <ClInclude Include="..\third-party\jsoncpp\include\json\assertions.h">
      <Filter>头文件\jsoncpp</Filter>
    </ClInclude>
    <ClInclude Include="..\third-party\jsoncpp\include\json\config.h">
      <Filter>头文件\jsoncpp</Filter>
    </ClInclude>
    <ClInclude Include="..\third-party\jsoncpp\include\json\forwards.h">
      <Filter>头文件\jsoncpp</Filter>
    </ClInclude>
    <ClInclude Include="..\third-party\jsoncpp\include\json\json.h">
      <Filter>头文件\jsoncpp</Filter>
    </ClInclude>
    <ClInclude Include="..\third-party\jsoncpp\include\json\json_features.h">
      <Filter>头文件\jsoncpp</Filter>
    </ClInclude>
    <ClInclude Include="..\third-party\jsoncpp\include\json\reader.h">
      <Filter>头文件\jsoncpp</Filter>
    </ClInclude>
    <ClInclude Include="..\third-party\jsoncpp\include\json\value.h">
      <Filter>头文件\jsoncpp</Filter>
    </ClInclude>
    <ClInclude Include="..\third-party\jsoncpp\include\json\version.h">
      <Filter>头文件\jsoncpp</Filter>
    </ClInclude>
    <ClInclude Include="..\third-party\jsoncpp\include\json\writer.h">
      <Filter>头文件\jsoncpp</Filter>
    </ClInclude>
    <ClInclude Include="config.hpp">
      <Filter>头文件</Filter>
    </ClInclude>
    <ClInclude Include="key_window.h">
      <Filter>头文件</Filter>
    </ClInclude>
    <ClInclude Include="key_monitor.hpp">
      <Filter>头文件\kps</Filter>
    </ClInclude>
    <ClInclude Include="my_multi_language.hpp">
      <Filter>头文件\kps</Filter>
    </ClInclude>
    <ClInclude Include="key_monitor_memory.hpp">
      <Filter>头文件\kps</Filter>
    </ClInclude>
  </ItemGroup>
  <ItemGroup>
    <ResourceCompile Include="Resource.rc">
      <Filter>资源文件</Filter>
    </ResourceCompile>
  </ItemGroup>
  <ItemGroup>
    <Font Include="..\resources\exo2-regular.otf">
      <Filter>资源文件\OTF</Filter>
    </Font>
  </ItemGroup>
  <ItemGroup>
    <None Include="..\jsons\default_config.json">
      <Filter>资源文件\JSON</Filter>
    </None>
    <None Include="..\jsons\language\zh-CN.json">
      <Filter>资源文件\JSON</Filter>
    </None>
    <None Include="..\jsons\language\en-US.json">
      <Filter>资源文件\JSON</Filter>
    </None>
  </ItemGroup>
</Project>